// !$*UTF8*$!
{
	archiveVersion = 1;
	classes = {
	};
	objectVersion = 56;
	objects = {

/* Begin PBXBuildFile section */
		390FDF852BC47E6C0064015C /* HomeView.swift in Sources */ = {isa = PBXBuildFile; fileRef = 390FDF832BC47E6C0064015C /* HomeView.swift */; };
		390FDF862BC47E6C0064015C /* HomeViewModel.swift in Sources */ = {isa = PBXBuildFile; fileRef = 390FDF842BC47E6C0064015C /* HomeViewModel.swift */; };
		390FDF8E2BC484110064015C /* BlenderView.swift in Sources */ = {isa = PBXBuildFile; fileRef = 390FDF8C2BC484110064015C /* BlenderView.swift */; };
		390FDF8F2BC484110064015C /* BlenderViewModel.swift in Sources */ = {isa = PBXBuildFile; fileRef = 390FDF8D2BC484110064015C /* BlenderViewModel.swift */; };
		390FDF912BC484690064015C /* BlendedTask.swift in Sources */ = {isa = PBXBuildFile; fileRef = 390FDF902BC484690064015C /* BlendedTask.swift */; };
		390FDF942BC490060064015C /* OpenAI.swift in Sources */ = {isa = PBXBuildFile; fileRef = 390FDF932BC490060064015C /* OpenAI.swift */; };
		390FDFA12BC4931E0064015C /* OpenAI-Info.plist in Resources */ = {isa = PBXBuildFile; fileRef = 390FDFA02BC4931E0064015C /* OpenAI-Info.plist */; };
		390FDFA42BC49E9B0064015C /* BlendedTaskView.swift in Sources */ = {isa = PBXBuildFile; fileRef = 390FDFA22BC49E9B0064015C /* BlendedTaskView.swift */; };
		390FDFA72BC4A04C0064015C /* XDismissButton.swift in Sources */ = {isa = PBXBuildFile; fileRef = 390FDFA62BC4A04C0064015C /* XDismissButton.swift */; };
		390FDFAE2BC4F7730064015C /* BlendedTaskDetailView.swift in Sources */ = {isa = PBXBuildFile; fileRef = 390FDFAC2BC4F7730064015C /* BlendedTaskDetailView.swift */; };
		3924630B2BD45CFC00EAC4D0 /* Launch Screen.storyboard in Resources */ = {isa = PBXBuildFile; fileRef = 3924630A2BD45CFC00EAC4D0 /* Launch Screen.storyboard */; };
		3924630E2BD46D9A00EAC4D0 /* OnboardingView.swift in Sources */ = {isa = PBXBuildFile; fileRef = 3924630D2BD46D9A00EAC4D0 /* OnboardingView.swift */; };
		393DDFCC2BCAB9D8000285A6 /* SwiftData.swift in Sources */ = {isa = PBXBuildFile; fileRef = 393DDFCB2BCAB9D8000285A6 /* SwiftData.swift */; };
		39A4D39D2BC2C83000E89C81 /* FocusAssistantApp.swift in Sources */ = {isa = PBXBuildFile; fileRef = 39A4D39C2BC2C83000E89C81 /* FocusAssistantApp.swift */; };
		39A4D3A32BC2C83100E89C81 /* Assets.xcassets in Resources */ = {isa = PBXBuildFile; fileRef = 39A4D3A22BC2C83100E89C81 /* Assets.xcassets */; };
		39A4D3A62BC2C83100E89C81 /* Preview Assets.xcassets in Resources */ = {isa = PBXBuildFile; fileRef = 39A4D3A52BC2C83100E89C81 /* Preview Assets.xcassets */; };
		39A4D3AE2BC2C8B000E89C81 /* SwiftOpenAI in Frameworks */ = {isa = PBXBuildFile; productRef = 39A4D3AD2BC2C8B000E89C81 /* SwiftOpenAI */; };
		39A4D3B12BC2C8C900E89C81 /* SymbolPicker in Frameworks */ = {isa = PBXBuildFile; productRef = 39A4D3B02BC2C8C900E89C81 /* SymbolPicker */; };
		39A4D3B42BC2C95800E89C81 /* UserTask.swift in Sources */ = {isa = PBXBuildFile; fileRef = 39A4D3B32BC2C95800E89C81 /* UserTask.swift */; };
		39A4D3B72BC2CB0B00E89C81 /* FocusAssistantTabs.swift in Sources */ = {isa = PBXBuildFile; fileRef = 39A4D3B62BC2CB0B00E89C81 /* FocusAssistantTabs.swift */; };
		39A4D3BA2BC2CB2300E89C81 /* TaskView.swift in Sources */ = {isa = PBXBuildFile; fileRef = 39A4D3B92BC2CB2300E89C81 /* TaskView.swift */; };
		39A4D3BC2BC2CEF400E89C81 /* TaskViewModel.swift in Sources */ = {isa = PBXBuildFile; fileRef = 39A4D3BB2BC2CEF400E89C81 /* TaskViewModel.swift */; };
		39A4D3BE2BC2D32800E89C81 /* ActiveTaskViewModel.swift in Sources */ = {isa = PBXBuildFile; fileRef = 39A4D3BD2BC2D32800E89C81 /* ActiveTaskViewModel.swift */; };
		39A4D3C62BC2D3DE00E89C81 /* Optional+Ext.swift in Sources */ = {isa = PBXBuildFile; fileRef = 39A4D3C02BC2D3DE00E89C81 /* Optional+Ext.swift */; };
		39A4D3C72BC2D3DE00E89C81 /* Duration++Ext.swift in Sources */ = {isa = PBXBuildFile; fileRef = 39A4D3C12BC2D3DE00E89C81 /* Duration++Ext.swift */; };
		39A4D3C82BC2D3DE00E89C81 /* Date+Ext.swift in Sources */ = {isa = PBXBuildFile; fileRef = 39A4D3C22BC2D3DE00E89C81 /* Date+Ext.swift */; };
		39A4D3C92BC2D3DE00E89C81 /* String+Ext.swift in Sources */ = {isa = PBXBuildFile; fileRef = 39A4D3C32BC2D3DE00E89C81 /* String+Ext.swift */; };
		39A4D3CA2BC2D3DE00E89C81 /* UserDefaults+Ext.swift in Sources */ = {isa = PBXBuildFile; fileRef = 39A4D3C42BC2D3DE00E89C81 /* UserDefaults+Ext.swift */; };
		39A4D3CB2BC2D3DE00E89C81 /* Calendar++Ext.swift in Sources */ = {isa = PBXBuildFile; fileRef = 39A4D3C52BC2D3DE00E89C81 /* Calendar++Ext.swift */; };
		39A4D3D12BC2D56300E89C81 /* CustomModifiers.swift in Sources */ = {isa = PBXBuildFile; fileRef = 39A4D3CE2BC2D56300E89C81 /* CustomModifiers.swift */; };
		39A4D3D22BC2D56300E89C81 /* DurationPicker.swift in Sources */ = {isa = PBXBuildFile; fileRef = 39A4D3CF2BC2D56300E89C81 /* DurationPicker.swift */; };
		39A4D3D32BC2D56300E89C81 /* WeightingIndicator.swift in Sources */ = {isa = PBXBuildFile; fileRef = 39A4D3D02BC2D56300E89C81 /* WeightingIndicator.swift */; };
		39A4D3D82BC2D83F00E89C81 /* TaskDetailView.swift in Sources */ = {isa = PBXBuildFile; fileRef = 39A4D3D72BC2D83F00E89C81 /* TaskDetailView.swift */; };
		39A4D3DA2BC2D89D00E89C81 /* TaskDetailViewModel.swift in Sources */ = {isa = PBXBuildFile; fileRef = 39A4D3D92BC2D89D00E89C81 /* TaskDetailViewModel.swift */; };
		39A4D3F02BC2E56D00E89C81 /* AddTaskView.swift in Sources */ = {isa = PBXBuildFile; fileRef = 39A4D3EE2BC2E56D00E89C81 /* AddTaskView.swift */; };
		39A4D3F12BC2E56D00E89C81 /* AddTaskViewModel.swift in Sources */ = {isa = PBXBuildFile; fileRef = 39A4D3EF2BC2E56D00E89C81 /* AddTaskViewModel.swift */; };
		39A4D3F32BC324AB00E89C81 /* Int+Ext.swift in Sources */ = {isa = PBXBuildFile; fileRef = 39A4D3F22BC324AB00E89C81 /* Int+Ext.swift */; };
		39A4D3F52BC349A400E89C81 /* ActiveTaskView.swift in Sources */ = {isa = PBXBuildFile; fileRef = 39A4D3F42BC349A400E89C81 /* ActiveTaskView.swift */; };
		39FC39B22BCC0667009110EE /* NewBlendedTaskView.swift in Sources */ = {isa = PBXBuildFile; fileRef = 39FC39B02BCC0667009110EE /* NewBlendedTaskView.swift */; };
		39FC39B32BCC0667009110EE /* NewBlendedTaskViewModel.swift in Sources */ = {isa = PBXBuildFile; fileRef = 39FC39B12BCC0667009110EE /* NewBlendedTaskViewModel.swift */; };
		39FC39B52BCC1D60009110EE /* BlenderChoiceView.swift in Sources */ = {isa = PBXBuildFile; fileRef = 39FC39B42BCC1D60009110EE /* BlenderChoiceView.swift */; };
		39FC39B82BCC22F6009110EE /* HelpView.swift in Sources */ = {isa = PBXBuildFile; fileRef = 39FC39B72BCC22F6009110EE /* HelpView.swift */; };
/* End PBXBuildFile section */

/* Begin PBXFileReference section */
		390FDF832BC47E6C0064015C /* HomeView.swift */ = {isa = PBXFileReference; lastKnownFileType = sourcecode.swift; path = HomeView.swift; sourceTree = "<group>"; };
		390FDF842BC47E6C0064015C /* HomeViewModel.swift */ = {isa = PBXFileReference; lastKnownFileType = sourcecode.swift; path = HomeViewModel.swift; sourceTree = "<group>"; };
		390FDF8C2BC484110064015C /* BlenderView.swift */ = {isa = PBXFileReference; lastKnownFileType = sourcecode.swift; path = BlenderView.swift; sourceTree = "<group>"; };
		390FDF8D2BC484110064015C /* BlenderViewModel.swift */ = {isa = PBXFileReference; lastKnownFileType = sourcecode.swift; path = BlenderViewModel.swift; sourceTree = "<group>"; };
		390FDF902BC484690064015C /* BlendedTask.swift */ = {isa = PBXFileReference; lastKnownFileType = sourcecode.swift; path = BlendedTask.swift; sourceTree = "<group>"; };
		390FDF932BC490060064015C /* OpenAI.swift */ = {isa = PBXFileReference; lastKnownFileType = sourcecode.swift; path = OpenAI.swift; sourceTree = "<group>"; };
		390FDFA02BC4931E0064015C /* OpenAI-Info.plist */ = {isa = PBXFileReference; fileEncoding = 4; lastKnownFileType = text.plist.xml; path = "OpenAI-Info.plist"; sourceTree = "<group>"; };
		390FDFA22BC49E9B0064015C /* BlendedTaskView.swift */ = {isa = PBXFileReference; lastKnownFileType = sourcecode.swift; path = BlendedTaskView.swift; sourceTree = "<group>"; };
		390FDFA62BC4A04C0064015C /* XDismissButton.swift */ = {isa = PBXFileReference; lastKnownFileType = sourcecode.swift; path = XDismissButton.swift; sourceTree = "<group>"; };
		390FDFAC2BC4F7730064015C /* BlendedTaskDetailView.swift */ = {isa = PBXFileReference; lastKnownFileType = sourcecode.swift; path = BlendedTaskDetailView.swift; sourceTree = "<group>"; };
		3924630A2BD45CFC00EAC4D0 /* Launch Screen.storyboard */ = {isa = PBXFileReference; lastKnownFileType = file.storyboard; path = "Launch Screen.storyboard"; sourceTree = "<group>"; };
		3924630D2BD46D9A00EAC4D0 /* OnboardingView.swift */ = {isa = PBXFileReference; lastKnownFileType = sourcecode.swift; path = OnboardingView.swift; sourceTree = "<group>"; };
		393DDFCB2BCAB9D8000285A6 /* SwiftData.swift */ = {isa = PBXFileReference; lastKnownFileType = sourcecode.swift; path = SwiftData.swift; sourceTree = "<group>"; };
		39A4D3992BC2C83000E89C81 /* FocusAssistant.app */ = {isa = PBXFileReference; explicitFileType = wrapper.application; includeInIndex = 0; path = FocusAssistant.app; sourceTree = BUILT_PRODUCTS_DIR; };
		39A4D39C2BC2C83000E89C81 /* FocusAssistantApp.swift */ = {isa = PBXFileReference; lastKnownFileType = sourcecode.swift; path = FocusAssistantApp.swift; sourceTree = "<group>"; };
		39A4D3A22BC2C83100E89C81 /* Assets.xcassets */ = {isa = PBXFileReference; lastKnownFileType = folder.assetcatalog; path = Assets.xcassets; sourceTree = "<group>"; };
		39A4D3A52BC2C83100E89C81 /* Preview Assets.xcassets */ = {isa = PBXFileReference; lastKnownFileType = folder.assetcatalog; path = "Preview Assets.xcassets"; sourceTree = "<group>"; };
		39A4D3B32BC2C95800E89C81 /* UserTask.swift */ = {isa = PBXFileReference; lastKnownFileType = sourcecode.swift; path = UserTask.swift; sourceTree = "<group>"; };
		39A4D3B62BC2CB0B00E89C81 /* FocusAssistantTabs.swift */ = {isa = PBXFileReference; lastKnownFileType = sourcecode.swift; path = FocusAssistantTabs.swift; sourceTree = "<group>"; };
		39A4D3B92BC2CB2300E89C81 /* TaskView.swift */ = {isa = PBXFileReference; lastKnownFileType = sourcecode.swift; path = TaskView.swift; sourceTree = "<group>"; };
		39A4D3BB2BC2CEF400E89C81 /* TaskViewModel.swift */ = {isa = PBXFileReference; lastKnownFileType = sourcecode.swift; path = TaskViewModel.swift; sourceTree = "<group>"; };
		39A4D3BD2BC2D32800E89C81 /* ActiveTaskViewModel.swift */ = {isa = PBXFileReference; lastKnownFileType = sourcecode.swift; path = ActiveTaskViewModel.swift; sourceTree = "<group>"; };
		39A4D3C02BC2D3DE00E89C81 /* Optional+Ext.swift */ = {isa = PBXFileReference; fileEncoding = 4; lastKnownFileType = sourcecode.swift; path = "Optional+Ext.swift"; sourceTree = "<group>"; };
		39A4D3C12BC2D3DE00E89C81 /* Duration++Ext.swift */ = {isa = PBXFileReference; fileEncoding = 4; lastKnownFileType = sourcecode.swift; path = "Duration++Ext.swift"; sourceTree = "<group>"; };
		39A4D3C22BC2D3DE00E89C81 /* Date+Ext.swift */ = {isa = PBXFileReference; fileEncoding = 4; lastKnownFileType = sourcecode.swift; path = "Date+Ext.swift"; sourceTree = "<group>"; };
		39A4D3C32BC2D3DE00E89C81 /* String+Ext.swift */ = {isa = PBXFileReference; fileEncoding = 4; lastKnownFileType = sourcecode.swift; path = "String+Ext.swift"; sourceTree = "<group>"; };
		39A4D3C42BC2D3DE00E89C81 /* UserDefaults+Ext.swift */ = {isa = PBXFileReference; fileEncoding = 4; lastKnownFileType = sourcecode.swift; path = "UserDefaults+Ext.swift"; sourceTree = "<group>"; };
		39A4D3C52BC2D3DE00E89C81 /* Calendar++Ext.swift */ = {isa = PBXFileReference; fileEncoding = 4; lastKnownFileType = sourcecode.swift; path = "Calendar++Ext.swift"; sourceTree = "<group>"; };
		39A4D3CE2BC2D56300E89C81 /* CustomModifiers.swift */ = {isa = PBXFileReference; fileEncoding = 4; lastKnownFileType = sourcecode.swift; path = CustomModifiers.swift; sourceTree = "<group>"; };
		39A4D3CF2BC2D56300E89C81 /* DurationPicker.swift */ = {isa = PBXFileReference; fileEncoding = 4; lastKnownFileType = sourcecode.swift; path = DurationPicker.swift; sourceTree = "<group>"; };
		39A4D3D02BC2D56300E89C81 /* WeightingIndicator.swift */ = {isa = PBXFileReference; fileEncoding = 4; lastKnownFileType = sourcecode.swift; path = WeightingIndicator.swift; sourceTree = "<group>"; };
		39A4D3D72BC2D83F00E89C81 /* TaskDetailView.swift */ = {isa = PBXFileReference; lastKnownFileType = sourcecode.swift; path = TaskDetailView.swift; sourceTree = "<group>"; };
		39A4D3D92BC2D89D00E89C81 /* TaskDetailViewModel.swift */ = {isa = PBXFileReference; lastKnownFileType = sourcecode.swift; path = TaskDetailViewModel.swift; sourceTree = "<group>"; };
		39A4D3EE2BC2E56D00E89C81 /* AddTaskView.swift */ = {isa = PBXFileReference; lastKnownFileType = sourcecode.swift; path = AddTaskView.swift; sourceTree = "<group>"; };
		39A4D3EF2BC2E56D00E89C81 /* AddTaskViewModel.swift */ = {isa = PBXFileReference; lastKnownFileType = sourcecode.swift; path = AddTaskViewModel.swift; sourceTree = "<group>"; };
		39A4D3F22BC324AB00E89C81 /* Int+Ext.swift */ = {isa = PBXFileReference; lastKnownFileType = sourcecode.swift; path = "Int+Ext.swift"; sourceTree = "<group>"; };
		39A4D3F42BC349A400E89C81 /* ActiveTaskView.swift */ = {isa = PBXFileReference; lastKnownFileType = sourcecode.swift; path = ActiveTaskView.swift; sourceTree = "<group>"; };
		39A4D3F62BC3576D00E89C81 /* FocusAssistant.entitlements */ = {isa = PBXFileReference; lastKnownFileType = text.plist.entitlements; path = FocusAssistant.entitlements; sourceTree = "<group>"; };
		39A4D3F72BC357A500E89C81 /* Info.plist */ = {isa = PBXFileReference; lastKnownFileType = text.plist; path = Info.plist; sourceTree = "<group>"; };
		39FC39B02BCC0667009110EE /* NewBlendedTaskView.swift */ = {isa = PBXFileReference; lastKnownFileType = sourcecode.swift; path = NewBlendedTaskView.swift; sourceTree = "<group>"; };
		39FC39B12BCC0667009110EE /* NewBlendedTaskViewModel.swift */ = {isa = PBXFileReference; lastKnownFileType = sourcecode.swift; path = NewBlendedTaskViewModel.swift; sourceTree = "<group>"; };
		39FC39B42BCC1D60009110EE /* BlenderChoiceView.swift */ = {isa = PBXFileReference; lastKnownFileType = sourcecode.swift; path = BlenderChoiceView.swift; sourceTree = "<group>"; };
		39FC39B72BCC22F6009110EE /* HelpView.swift */ = {isa = PBXFileReference; lastKnownFileType = sourcecode.swift; path = HelpView.swift; sourceTree = "<group>"; };
/* End PBXFileReference section */

/* Begin PBXFrameworksBuildPhase section */
		39A4D3962BC2C83000E89C81 /* Frameworks */ = {
			isa = PBXFrameworksBuildPhase;
			buildActionMask = 2147483647;
			files = (
				39A4D3B12BC2C8C900E89C81 /* SymbolPicker in Frameworks */,
				39A4D3AE2BC2C8B000E89C81 /* SwiftOpenAI in Frameworks */,
			);
			runOnlyForDeploymentPostprocessing = 0;
		};
/* End PBXFrameworksBuildPhase section */

/* Begin PBXGroup section */
		390FDF812BC47E330064015C /* Home */ = {
			isa = PBXGroup;
			children = (
				390FDF832BC47E6C0064015C /* HomeView.swift */,
				390FDF842BC47E6C0064015C /* HomeViewModel.swift */,
			);
			path = Home;
			sourceTree = "<group>";
		};
		390FDF822BC47E400064015C /* Blender */ = {
			isa = PBXGroup;
			children = (
				39FC39AB2BCC063A009110EE /* User Blender */,
				39FC39A62BCC05F7009110EE /* AI Blender */,
				39FC39B42BCC1D60009110EE /* BlenderChoiceView.swift */,
			);
			path = Blender;
			sourceTree = "<group>";
		};
		390FDF922BC48FC40064015C /* OpenAI */ = {
			isa = PBXGroup;
			children = (
				390FDF932BC490060064015C /* OpenAI.swift */,
				390FDFA02BC4931E0064015C /* OpenAI-Info.plist */,
			);
			path = OpenAI;
			sourceTree = "<group>";
		};
		3924630C2BD4680100EAC4D0 /* Onboarding */ = {
			isa = PBXGroup;
			children = (
				3924630D2BD46D9A00EAC4D0 /* OnboardingView.swift */,
			);
			path = Onboarding;
			sourceTree = "<group>";
		};
		39A4D3902BC2C83000E89C81 = {
			isa = PBXGroup;
			children = (
				39A4D39B2BC2C83000E89C81 /* FocusAssistant */,
				39A4D39A2BC2C83000E89C81 /* Products */,
			);
			sourceTree = "<group>";
		};
		39A4D39A2BC2C83000E89C81 /* Products */ = {
			isa = PBXGroup;
			children = (
				39A4D3992BC2C83000E89C81 /* FocusAssistant.app */,
			);
			name = Products;
			sourceTree = "<group>";
		};
		39A4D39B2BC2C83000E89C81 /* FocusAssistant */ = {
			isa = PBXGroup;
			children = (
				39A4D3F72BC357A500E89C81 /* Info.plist */,
				39A4D3F62BC3576D00E89C81 /* FocusAssistant.entitlements */,
				39A4D3CC2BC2D51E00E89C81 /* Utilites */,
				39A4D3B22BC2C92900E89C81 /* Models */,
				39A4D3CD2BC2D52A00E89C81 /* Views */,
				39A4D3B52BC2CAF400E89C81 /* Screens */,
				39A4D39C2BC2C83000E89C81 /* FocusAssistantApp.swift */,
				39A4D3A22BC2C83100E89C81 /* Assets.xcassets */,
				39A4D3A42BC2C83100E89C81 /* Preview Content */,
			);
			path = FocusAssistant;
			sourceTree = "<group>";
		};
		39A4D3A42BC2C83100E89C81 /* Preview Content */ = {
			isa = PBXGroup;
			children = (
				39A4D3A52BC2C83100E89C81 /* Preview Assets.xcassets */,
			);
			path = "Preview Content";
			sourceTree = "<group>";
		};
		39A4D3B22BC2C92900E89C81 /* Models */ = {
			isa = PBXGroup;
			children = (
				39A4D3B32BC2C95800E89C81 /* UserTask.swift */,
				390FDF902BC484690064015C /* BlendedTask.swift */,
				393DDFCB2BCAB9D8000285A6 /* SwiftData.swift */,
			);
			path = Models;
			sourceTree = "<group>";
		};
		39A4D3B52BC2CAF400E89C81 /* Screens */ = {
			isa = PBXGroup;
			children = (
				3924630C2BD4680100EAC4D0 /* Onboarding */,
				3924630A2BD45CFC00EAC4D0 /* Launch Screen.storyboard */,
				39A4D3B62BC2CB0B00E89C81 /* FocusAssistantTabs.swift */,
				390FDF812BC47E330064015C /* Home */,
				39A4D3B82BC2CB1B00E89C81 /* Tasks */,
				390FDF822BC47E400064015C /* Blender */,
				39FC39B62BCC22D2009110EE /* Help and Settings */,
			);
			path = Screens;
			sourceTree = "<group>";
		};
		39A4D3B82BC2CB1B00E89C81 /* Tasks */ = {
			isa = PBXGroup;
			children = (
				39A4D3D42BC2D5B500E89C81 /* Task View */,
				39A4D3D62BC2D81F00E89C81 /* Task Detail View */,
				39A4D3DB2BC2DBC500E89C81 /* Add Task View */,
				39A4D3D52BC2D5C400E89C81 /* Active Task */,
			);
			path = Tasks;
			sourceTree = "<group>";
		};
		39A4D3BF2BC2D3DE00E89C81 /* Extensions */ = {
			isa = PBXGroup;
			children = (
				39A4D3C02BC2D3DE00E89C81 /* Optional+Ext.swift */,
				39A4D3C12BC2D3DE00E89C81 /* Duration++Ext.swift */,
				39A4D3C22BC2D3DE00E89C81 /* Date+Ext.swift */,
				39A4D3C32BC2D3DE00E89C81 /* String+Ext.swift */,
				39A4D3C42BC2D3DE00E89C81 /* UserDefaults+Ext.swift */,
				39A4D3C52BC2D3DE00E89C81 /* Calendar++Ext.swift */,
				39A4D3F22BC324AB00E89C81 /* Int+Ext.swift */,
			);
			path = Extensions;
			sourceTree = "<group>";
		};
		39A4D3CC2BC2D51E00E89C81 /* Utilites */ = {
			isa = PBXGroup;
			children = (
				390FDF922BC48FC40064015C /* OpenAI */,
				39A4D3BF2BC2D3DE00E89C81 /* Extensions */,
			);
			path = Utilites;
			sourceTree = "<group>";
		};
		39A4D3CD2BC2D52A00E89C81 /* Views */ = {
			isa = PBXGroup;
			children = (
				39A4D3CE2BC2D56300E89C81 /* CustomModifiers.swift */,
				39A4D3CF2BC2D56300E89C81 /* DurationPicker.swift */,
				39A4D3D02BC2D56300E89C81 /* WeightingIndicator.swift */,
				390FDFA62BC4A04C0064015C /* XDismissButton.swift */,
			);
			path = Views;
			sourceTree = "<group>";
		};
		39A4D3D42BC2D5B500E89C81 /* Task View */ = {
			isa = PBXGroup;
			children = (
				39A4D3B92BC2CB2300E89C81 /* TaskView.swift */,
				39A4D3BB2BC2CEF400E89C81 /* TaskViewModel.swift */,
			);
			path = "Task View";
			sourceTree = "<group>";
		};
		39A4D3D52BC2D5C400E89C81 /* Active Task */ = {
			isa = PBXGroup;
			children = (
				39A4D3F42BC349A400E89C81 /* ActiveTaskView.swift */,
				39A4D3BD2BC2D32800E89C81 /* ActiveTaskViewModel.swift */,
			);
			path = "Active Task";
			sourceTree = "<group>";
		};
		39A4D3D62BC2D81F00E89C81 /* Task Detail View */ = {
			isa = PBXGroup;
			children = (
				39A4D3D72BC2D83F00E89C81 /* TaskDetailView.swift */,
				39A4D3D92BC2D89D00E89C81 /* TaskDetailViewModel.swift */,
				390FDFAC2BC4F7730064015C /* BlendedTaskDetailView.swift */,
			);
			path = "Task Detail View";
			sourceTree = "<group>";
		};
		39A4D3DB2BC2DBC500E89C81 /* Add Task View */ = {
			isa = PBXGroup;
			children = (
				39A4D3EE2BC2E56D00E89C81 /* AddTaskView.swift */,
				39A4D3EF2BC2E56D00E89C81 /* AddTaskViewModel.swift */,
			);
			path = "Add Task View";
			sourceTree = "<group>";
		};
		39FC39A62BCC05F7009110EE /* AI Blender */ = {
			isa = PBXGroup;
			children = (
				390FDF8C2BC484110064015C /* BlenderView.swift */,
				390FDF8D2BC484110064015C /* BlenderViewModel.swift */,
				390FDFA22BC49E9B0064015C /* BlendedTaskView.swift */,
			);
			path = "AI Blender";
			sourceTree = "<group>";
		};
		39FC39AB2BCC063A009110EE /* User Blender */ = {
			isa = PBXGroup;
			children = (
				39FC39B02BCC0667009110EE /* NewBlendedTaskView.swift */,
				39FC39B12BCC0667009110EE /* NewBlendedTaskViewModel.swift */,
			);
			path = "User Blender";
			sourceTree = "<group>";
		};
		39FC39B62BCC22D2009110EE /* Help and Settings */ = {
			isa = PBXGroup;
			children = (
				39FC39B72BCC22F6009110EE /* HelpView.swift */,
			);
			path = "Help and Settings";
			sourceTree = "<group>";
		};
/* End PBXGroup section */

/* Begin PBXNativeTarget section */
		39A4D3982BC2C83000E89C81 /* FocusAssistant */ = {
			isa = PBXNativeTarget;
			buildConfigurationList = 39A4D3A92BC2C83100E89C81 /* Build configuration list for PBXNativeTarget "FocusAssistant" */;
			buildPhases = (
				39A4D3952BC2C83000E89C81 /* Sources */,
				39A4D3962BC2C83000E89C81 /* Frameworks */,
				39A4D3972BC2C83000E89C81 /* Resources */,
			);
			buildRules = (
			);
			dependencies = (
			);
			name = FocusAssistant;
			packageProductDependencies = (
				39A4D3AD2BC2C8B000E89C81 /* SwiftOpenAI */,
				39A4D3B02BC2C8C900E89C81 /* SymbolPicker */,
			);
			productName = FocusAssistant;
			productReference = 39A4D3992BC2C83000E89C81 /* FocusAssistant.app */;
			productType = "com.apple.product-type.application";
		};
/* End PBXNativeTarget section */

/* Begin PBXProject section */
		39A4D3912BC2C83000E89C81 /* Project object */ = {
			isa = PBXProject;
			attributes = {
				BuildIndependentTargetsInParallel = 1;
				LastSwiftUpdateCheck = 1520;
				LastUpgradeCheck = 1520;
				TargetAttributes = {
					39A4D3982BC2C83000E89C81 = {
						CreatedOnToolsVersion = 15.2;
					};
				};
			};
			buildConfigurationList = 39A4D3942BC2C83000E89C81 /* Build configuration list for PBXProject "FocusAssistant" */;
			compatibilityVersion = "Xcode 14.0";
			developmentRegion = en;
			hasScannedForEncodings = 0;
			knownRegions = (
				en,
				Base,
			);
			mainGroup = 39A4D3902BC2C83000E89C81;
			packageReferences = (
				39A4D3AC2BC2C8B000E89C81 /* XCRemoteSwiftPackageReference "SwiftOpenAI" */,
				39A4D3AF2BC2C8C900E89C81 /* XCRemoteSwiftPackageReference "SymbolPicker" */,
			);
			productRefGroup = 39A4D39A2BC2C83000E89C81 /* Products */;
			projectDirPath = "";
			projectRoot = "";
			targets = (
				39A4D3982BC2C83000E89C81 /* FocusAssistant */,
			);
		};
/* End PBXProject section */

/* Begin PBXResourcesBuildPhase section */
		39A4D3972BC2C83000E89C81 /* Resources */ = {
			isa = PBXResourcesBuildPhase;
			buildActionMask = 2147483647;
			files = (
				390FDFA12BC4931E0064015C /* OpenAI-Info.plist in Resources */,
				39A4D3A62BC2C83100E89C81 /* Preview Assets.xcassets in Resources */,
				3924630B2BD45CFC00EAC4D0 /* Launch Screen.storyboard in Resources */,
				39A4D3A32BC2C83100E89C81 /* Assets.xcassets in Resources */,
			);
			runOnlyForDeploymentPostprocessing = 0;
		};
/* End PBXResourcesBuildPhase section */

/* Begin PBXSourcesBuildPhase section */
		39A4D3952BC2C83000E89C81 /* Sources */ = {
			isa = PBXSourcesBuildPhase;
			buildActionMask = 2147483647;
			files = (
				39FC39B52BCC1D60009110EE /* BlenderChoiceView.swift in Sources */,
				39A4D3B72BC2CB0B00E89C81 /* FocusAssistantTabs.swift in Sources */,
				390FDFAE2BC4F7730064015C /* BlendedTaskDetailView.swift in Sources */,
				39FC39B82BCC22F6009110EE /* HelpView.swift in Sources */,
				39A4D3CB2BC2D3DE00E89C81 /* Calendar++Ext.swift in Sources */,
				39A4D3F52BC349A400E89C81 /* ActiveTaskView.swift in Sources */,
				39A4D3DA2BC2D89D00E89C81 /* TaskDetailViewModel.swift in Sources */,
				39A4D3BC2BC2CEF400E89C81 /* TaskViewModel.swift in Sources */,
				393DDFCC2BCAB9D8000285A6 /* SwiftData.swift in Sources */,
				390FDFA72BC4A04C0064015C /* XDismissButton.swift in Sources */,
				39FC39B22BCC0667009110EE /* NewBlendedTaskView.swift in Sources */,
				39FC39B32BCC0667009110EE /* NewBlendedTaskViewModel.swift in Sources */,
				39A4D3D22BC2D56300E89C81 /* DurationPicker.swift in Sources */,
				39A4D3F32BC324AB00E89C81 /* Int+Ext.swift in Sources */,
				390FDF852BC47E6C0064015C /* HomeView.swift in Sources */,
				390FDF862BC47E6C0064015C /* HomeViewModel.swift in Sources */,
				39A4D3CA2BC2D3DE00E89C81 /* UserDefaults+Ext.swift in Sources */,
				390FDF942BC490060064015C /* OpenAI.swift in Sources */,
				39A4D3C72BC2D3DE00E89C81 /* Duration++Ext.swift in Sources */,
				39A4D3D12BC2D56300E89C81 /* CustomModifiers.swift in Sources */,
				39A4D3D82BC2D83F00E89C81 /* TaskDetailView.swift in Sources */,
				3924630E2BD46D9A00EAC4D0 /* OnboardingView.swift in Sources */,
				39A4D3F12BC2E56D00E89C81 /* AddTaskViewModel.swift in Sources */,
				39A4D3F02BC2E56D00E89C81 /* AddTaskView.swift in Sources */,
				39A4D3BA2BC2CB2300E89C81 /* TaskView.swift in Sources */,
				39A4D3C92BC2D3DE00E89C81 /* String+Ext.swift in Sources */,
				39A4D3C82BC2D3DE00E89C81 /* Date+Ext.swift in Sources */,
				39A4D3C62BC2D3DE00E89C81 /* Optional+Ext.swift in Sources */,
				390FDFA42BC49E9B0064015C /* BlendedTaskView.swift in Sources */,
				390FDF912BC484690064015C /* BlendedTask.swift in Sources */,
				39A4D39D2BC2C83000E89C81 /* FocusAssistantApp.swift in Sources */,
				39A4D3D32BC2D56300E89C81 /* WeightingIndicator.swift in Sources */,
				39A4D3B42BC2C95800E89C81 /* UserTask.swift in Sources */,
				390FDF8E2BC484110064015C /* BlenderView.swift in Sources */,
				390FDF8F2BC484110064015C /* BlenderViewModel.swift in Sources */,
				39A4D3BE2BC2D32800E89C81 /* ActiveTaskViewModel.swift in Sources */,
			);
			runOnlyForDeploymentPostprocessing = 0;
		};
/* End PBXSourcesBuildPhase section */

/* Begin XCBuildConfiguration section */
		39A4D3A72BC2C83100E89C81 /* Debug */ = {
			isa = XCBuildConfiguration;
			buildSettings = {
				ALWAYS_SEARCH_USER_PATHS = NO;
				ASSETCATALOG_COMPILER_GENERATE_SWIFT_ASSET_SYMBOL_EXTENSIONS = YES;
				CLANG_ANALYZER_NONNULL = YES;
				CLANG_ANALYZER_NUMBER_OBJECT_CONVERSION = YES_AGGRESSIVE;
				CLANG_CXX_LANGUAGE_STANDARD = "gnu++20";
				CLANG_ENABLE_MODULES = YES;
				CLANG_ENABLE_OBJC_ARC = YES;
				CLANG_ENABLE_OBJC_WEAK = YES;
				CLANG_WARN_BLOCK_CAPTURE_AUTORELEASING = YES;
				CLANG_WARN_BOOL_CONVERSION = YES;
				CLANG_WARN_COMMA = YES;
				CLANG_WARN_CONSTANT_CONVERSION = YES;
				CLANG_WARN_DEPRECATED_OBJC_IMPLEMENTATIONS = YES;
				CLANG_WARN_DIRECT_OBJC_ISA_USAGE = YES_ERROR;
				CLANG_WARN_DOCUMENTATION_COMMENTS = YES;
				CLANG_WARN_EMPTY_BODY = YES;
				CLANG_WARN_ENUM_CONVERSION = YES;
				CLANG_WARN_INFINITE_RECURSION = YES;
				CLANG_WARN_INT_CONVERSION = YES;
				CLANG_WARN_NON_LITERAL_NULL_CONVERSION = YES;
				CLANG_WARN_OBJC_IMPLICIT_RETAIN_SELF = YES;
				CLANG_WARN_OBJC_LITERAL_CONVERSION = YES;
				CLANG_WARN_OBJC_ROOT_CLASS = YES_ERROR;
				CLANG_WARN_QUOTED_INCLUDE_IN_FRAMEWORK_HEADER = YES;
				CLANG_WARN_RANGE_LOOP_ANALYSIS = YES;
				CLANG_WARN_STRICT_PROTOTYPES = YES;
				CLANG_WARN_SUSPICIOUS_MOVE = YES;
				CLANG_WARN_UNGUARDED_AVAILABILITY = YES_AGGRESSIVE;
				CLANG_WARN_UNREACHABLE_CODE = YES;
				CLANG_WARN__DUPLICATE_METHOD_MATCH = YES;
				COPY_PHASE_STRIP = NO;
				DEBUG_INFORMATION_FORMAT = dwarf;
				ENABLE_STRICT_OBJC_MSGSEND = YES;
				ENABLE_TESTABILITY = YES;
				ENABLE_USER_SCRIPT_SANDBOXING = YES;
				GCC_C_LANGUAGE_STANDARD = gnu17;
				GCC_DYNAMIC_NO_PIC = NO;
				GCC_NO_COMMON_BLOCKS = YES;
				GCC_OPTIMIZATION_LEVEL = 0;
				GCC_PREPROCESSOR_DEFINITIONS = (
					"DEBUG=1",
					"$(inherited)",
				);
				GCC_WARN_64_TO_32_BIT_CONVERSION = YES;
				GCC_WARN_ABOUT_RETURN_TYPE = YES_ERROR;
				GCC_WARN_UNDECLARED_SELECTOR = YES;
				GCC_WARN_UNINITIALIZED_AUTOS = YES_AGGRESSIVE;
				GCC_WARN_UNUSED_FUNCTION = YES;
				GCC_WARN_UNUSED_VARIABLE = YES;
				IPHONEOS_DEPLOYMENT_TARGET = 17.0;
				LOCALIZATION_PREFERS_STRING_CATALOGS = YES;
				MTL_ENABLE_DEBUG_INFO = INCLUDE_SOURCE;
				MTL_FAST_MATH = YES;
				ONLY_ACTIVE_ARCH = YES;
				SDKROOT = iphoneos;
				SWIFT_ACTIVE_COMPILATION_CONDITIONS = "DEBUG $(inherited)";
				SWIFT_OPTIMIZATION_LEVEL = "-Onone";
			};
			name = Debug;
		};
		39A4D3A82BC2C83100E89C81 /* Release */ = {
			isa = XCBuildConfiguration;
			buildSettings = {
				ALWAYS_SEARCH_USER_PATHS = NO;
				ASSETCATALOG_COMPILER_GENERATE_SWIFT_ASSET_SYMBOL_EXTENSIONS = YES;
				CLANG_ANALYZER_NONNULL = YES;
				CLANG_ANALYZER_NUMBER_OBJECT_CONVERSION = YES_AGGRESSIVE;
				CLANG_CXX_LANGUAGE_STANDARD = "gnu++20";
				CLANG_ENABLE_MODULES = YES;
				CLANG_ENABLE_OBJC_ARC = YES;
				CLANG_ENABLE_OBJC_WEAK = YES;
				CLANG_WARN_BLOCK_CAPTURE_AUTORELEASING = YES;
				CLANG_WARN_BOOL_CONVERSION = YES;
				CLANG_WARN_COMMA = YES;
				CLANG_WARN_CONSTANT_CONVERSION = YES;
				CLANG_WARN_DEPRECATED_OBJC_IMPLEMENTATIONS = YES;
				CLANG_WARN_DIRECT_OBJC_ISA_USAGE = YES_ERROR;
				CLANG_WARN_DOCUMENTATION_COMMENTS = YES;
				CLANG_WARN_EMPTY_BODY = YES;
				CLANG_WARN_ENUM_CONVERSION = YES;
				CLANG_WARN_INFINITE_RECURSION = YES;
				CLANG_WARN_INT_CONVERSION = YES;
				CLANG_WARN_NON_LITERAL_NULL_CONVERSION = YES;
				CLANG_WARN_OBJC_IMPLICIT_RETAIN_SELF = YES;
				CLANG_WARN_OBJC_LITERAL_CONVERSION = YES;
				CLANG_WARN_OBJC_ROOT_CLASS = YES_ERROR;
				CLANG_WARN_QUOTED_INCLUDE_IN_FRAMEWORK_HEADER = YES;
				CLANG_WARN_RANGE_LOOP_ANALYSIS = YES;
				CLANG_WARN_STRICT_PROTOTYPES = YES;
				CLANG_WARN_SUSPICIOUS_MOVE = YES;
				CLANG_WARN_UNGUARDED_AVAILABILITY = YES_AGGRESSIVE;
				CLANG_WARN_UNREACHABLE_CODE = YES;
				CLANG_WARN__DUPLICATE_METHOD_MATCH = YES;
				COPY_PHASE_STRIP = NO;
				DEBUG_INFORMATION_FORMAT = "dwarf-with-dsym";
				ENABLE_NS_ASSERTIONS = NO;
				ENABLE_STRICT_OBJC_MSGSEND = YES;
				ENABLE_USER_SCRIPT_SANDBOXING = YES;
				GCC_C_LANGUAGE_STANDARD = gnu17;
				GCC_NO_COMMON_BLOCKS = YES;
				GCC_WARN_64_TO_32_BIT_CONVERSION = YES;
				GCC_WARN_ABOUT_RETURN_TYPE = YES_ERROR;
				GCC_WARN_UNDECLARED_SELECTOR = YES;
				GCC_WARN_UNINITIALIZED_AUTOS = YES_AGGRESSIVE;
				GCC_WARN_UNUSED_FUNCTION = YES;
				GCC_WARN_UNUSED_VARIABLE = YES;
				IPHONEOS_DEPLOYMENT_TARGET = 17.0;
				LOCALIZATION_PREFERS_STRING_CATALOGS = YES;
				MTL_ENABLE_DEBUG_INFO = NO;
				MTL_FAST_MATH = YES;
				SDKROOT = iphoneos;
				SWIFT_COMPILATION_MODE = wholemodule;
				VALIDATE_PRODUCT = YES;
			};
			name = Release;
		};
		39A4D3AA2BC2C83100E89C81 /* Debug */ = {
			isa = XCBuildConfiguration;
			buildSettings = {
				ASSETCATALOG_COMPILER_APPICON_NAME = AppIcon;
				ASSETCATALOG_COMPILER_GLOBAL_ACCENT_COLOR_NAME = AccentColor;
				CODE_SIGN_ENTITLEMENTS = FocusAssistant/FocusAssistant.entitlements;
				CODE_SIGN_STYLE = Automatic;
				CURRENT_PROJECT_VERSION = 2;
				DEVELOPMENT_ASSET_PATHS = "\"FocusAssistant/Preview Content\"";
				DEVELOPMENT_TEAM = 4TMP5JL59R;
				ENABLE_PREVIEWS = YES;
				GENERATE_INFOPLIST_FILE = YES;
				INFOPLIST_FILE = FocusAssistant/Info.plist;
				INFOPLIST_KEY_CFBundleDisplayName = FocusAssistant;
				INFOPLIST_KEY_LSApplicationCategoryType = "public.app-category.productivity";
				INFOPLIST_KEY_UIApplicationSceneManifest_Generation = YES;
				INFOPLIST_KEY_UIApplicationSupportsIndirectInputEvents = YES;
				INFOPLIST_KEY_UILaunchScreen_Generation = YES;
				INFOPLIST_KEY_UILaunchStoryboardName = "Launch Screen.storyboard";
				INFOPLIST_KEY_UISupportedInterfaceOrientations_iPad = "UIInterfaceOrientationPortrait UIInterfaceOrientationPortraitUpsideDown UIInterfaceOrientationLandscapeLeft UIInterfaceOrientationLandscapeRight";
				INFOPLIST_KEY_UISupportedInterfaceOrientations_iPhone = "UIInterfaceOrientationPortrait UIInterfaceOrientationLandscapeLeft UIInterfaceOrientationLandscapeRight";
				IPHONEOS_DEPLOYMENT_TARGET = 17.0;
				LD_RUNPATH_SEARCH_PATHS = (
					"$(inherited)",
					"@executable_path/Frameworks",
				);
				MARKETING_VERSION = 1.0;
				PRODUCT_BUNDLE_IDENTIFIER = com.nanasekyere.FocusAssistant;
				PRODUCT_NAME = "$(TARGET_NAME)";
				SWIFT_EMIT_LOC_STRINGS = YES;
				SWIFT_VERSION = 5.0;
				TARGETED_DEVICE_FAMILY = "1,2";
			};
			name = Debug;
		};
		39A4D3AB2BC2C83100E89C81 /* Release */ = {
			isa = XCBuildConfiguration;
			buildSettings = {
				ASSETCATALOG_COMPILER_APPICON_NAME = AppIcon;
				ASSETCATALOG_COMPILER_GLOBAL_ACCENT_COLOR_NAME = AccentColor;
				CODE_SIGN_ENTITLEMENTS = FocusAssistant/FocusAssistant.entitlements;
				CODE_SIGN_STYLE = Automatic;
				CURRENT_PROJECT_VERSION = 2;
				DEVELOPMENT_ASSET_PATHS = "\"FocusAssistant/Preview Content\"";
				DEVELOPMENT_TEAM = 4TMP5JL59R;
				ENABLE_PREVIEWS = YES;
				GENERATE_INFOPLIST_FILE = YES;
				INFOPLIST_FILE = FocusAssistant/Info.plist;
				INFOPLIST_KEY_CFBundleDisplayName = FocusAssistant;
				INFOPLIST_KEY_LSApplicationCategoryType = "public.app-category.productivity";
				INFOPLIST_KEY_UIApplicationSceneManifest_Generation = YES;
				INFOPLIST_KEY_UIApplicationSupportsIndirectInputEvents = YES;
				INFOPLIST_KEY_UILaunchScreen_Generation = YES;
				INFOPLIST_KEY_UILaunchStoryboardName = "Launch Screen.storyboard";
				INFOPLIST_KEY_UISupportedInterfaceOrientations_iPad = "UIInterfaceOrientationPortrait UIInterfaceOrientationPortraitUpsideDown UIInterfaceOrientationLandscapeLeft UIInterfaceOrientationLandscapeRight";
				INFOPLIST_KEY_UISupportedInterfaceOrientations_iPhone = "UIInterfaceOrientationPortrait UIInterfaceOrientationLandscapeLeft UIInterfaceOrientationLandscapeRight";
				IPHONEOS_DEPLOYMENT_TARGET = 17.0;
				LD_RUNPATH_SEARCH_PATHS = (
					"$(inherited)",
					"@executable_path/Frameworks",
				);
				MARKETING_VERSION = 1.0;
				PRODUCT_BUNDLE_IDENTIFIER = com.nanasekyere.FocusAssistant;
				PRODUCT_NAME = "$(TARGET_NAME)";
				SWIFT_EMIT_LOC_STRINGS = YES;
				SWIFT_VERSION = 5.0;
				TARGETED_DEVICE_FAMILY = "1,2";
			};
			name = Release;
		};
/* End XCBuildConfiguration section */

/* Begin XCConfigurationList section */
		39A4D3942BC2C83000E89C81 /* Build configuration list for PBXProject "FocusAssistant" */ = {
			isa = XCConfigurationList;
			buildConfigurations = (
				39A4D3A72BC2C83100E89C81 /* Debug */,
				39A4D3A82BC2C83100E89C81 /* Release */,
			);
			defaultConfigurationIsVisible = 0;
			defaultConfigurationName = Release;
		};
		39A4D3A92BC2C83100E89C81 /* Build configuration list for PBXNativeTarget "FocusAssistant" */ = {
			isa = XCConfigurationList;
			buildConfigurations = (
				39A4D3AA2BC2C83100E89C81 /* Debug */,
				39A4D3AB2BC2C83100E89C81 /* Release */,
			);
			defaultConfigurationIsVisible = 0;
			defaultConfigurationName = Release;
		};
/* End XCConfigurationList section */

/* Begin XCRemoteSwiftPackageReference section */
		39A4D3AC2BC2C8B000E89C81 /* XCRemoteSwiftPackageReference "SwiftOpenAI" */ = {
			isa = XCRemoteSwiftPackageReference;
			repositoryURL = "https://github.com/jamesrochabrun/SwiftOpenAI";
			requirement = {
				kind = upToNextMajorVersion;
				minimumVersion = 2.0.0;
			};
		};
		39A4D3AF2BC2C8C900E89C81 /* XCRemoteSwiftPackageReference "SymbolPicker" */ = {
			isa = XCRemoteSwiftPackageReference;
			repositoryURL = "https://github.com/xnth97/SymbolPicker";
			requirement = {
				kind = upToNextMajorVersion;
				minimumVersion = 1.5.2;
			};
		};
/* End XCRemoteSwiftPackageReference section */

/* Begin XCSwiftPackageProductDependency section */
		39A4D3AD2BC2C8B000E89C81 /* SwiftOpenAI */ = {
			isa = XCSwiftPackageProductDependency;
			package = 39A4D3AC2BC2C8B000E89C81 /* XCRemoteSwiftPackageReference "SwiftOpenAI" */;
			productName = SwiftOpenAI;
		};
		39A4D3B02BC2C8C900E89C81 /* SymbolPicker */ = {
			isa = XCSwiftPackageProductDependency;
			package = 39A4D3AF2BC2C8C900E89C81 /* XCRemoteSwiftPackageReference "SymbolPicker" */;
			productName = SymbolPicker;
		};
/* End XCSwiftPackageProductDependency section */
	};
	rootObject = 39A4D3912BC2C83000E89C81 /* Project object */;
}
